
Microsoft Visual Studio Solution File, Format Version 12.00
# Visual Studio 14
VisualStudioVersion = 14.0.23107.0
MinimumVisualStudioVersion = 10.0.40219.1
Project("{FAE04EC0-301F-11D3-BF4B-00C04F79EFBC}") = "MvcThreeModel", "MvcThreeModel\MvcThreeModel.csproj", "{44B9EEF0-C5AE-42A3-9CA4-67218636CF51}"
EndProject
Project("{FAE04EC0-301F-11D3-BF4B-00C04F79EFBC}") = "DAO", "DAO\DAO.csproj", "{2211FE7A-A896-41AB-BAF3-FD1904702EA5}"
EndProject
Project("{FAE04EC0-301F-11D3-BF4B-00C04F79EFBC}") = "BLL", "BLL\BLL.csproj", "{C8282B65-80B0-4291-B2E0-56DCDED46935}"
EndProject
Project("{FAE04EC0-301F-11D3-BF4B-00C04F79EFBC}") = "Common", "Common\Common.csproj", "{DC7B70A9-2B97-4867-B2C4-392303C73DED}"
EndProject
Project("{FAE04EC0-301F-11D3-BF4B-00C04F79EFBC}") = "Model", "Model\Model.csproj", "{223179E8-4B30-4573-8C93-AC4AD4B13CF5}"
EndProject
Global
	GlobalSection(SolutionConfigurationPlatforms) = preSolution
		Debug|Any CPU = Debug|Any CPU
		Release|Any CPU = Release|Any CPU
	EndGlobalSection
	GlobalSection(ProjectConfigurationPlatforms) = postSolution
		{44B9EEF0-C5AE-42A3-9CA4-67218636CF51}.Debug|Any CPU.ActiveCfg = Debug|Any CPU
		{44B9EEF0-C5AE-42A3-9CA4-67218636CF51}.Debug|Any CPU.Build.0 = Debug|Any CPU
		{44B9EEF0-C5AE-42A3-9CA4-67218636CF51}.Release|Any CPU.ActiveCfg = Release|Any CPU
		{44B9EEF0-C5AE-42A3-9CA4-67218636CF51}.Release|Any CPU.Build.0 = Release|Any CPU
		{2211FE7A-A896-41AB-BAF3-FD1904702EA5}.Debug|Any CPU.ActiveCfg = Debug|Any CPU
		{2211FE7A-A896-41AB-BAF3-FD1904702EA5}.Debug|Any CPU.Build.0 = Debug|Any CPU
		{2211FE7A-A896-41AB-BAF3-FD1904702EA5}.Release|Any CPU.ActiveCfg = Release|Any CPU
		{2211FE7A-A896-41AB-BAF3-FD1904702EA5}.Release|Any CPU.Build.0 = Release|Any CPU
		{C8282B65-80B0-4291-B2E0-56DCDED46935}.Debug|Any CPU.ActiveCfg = Debug|Any CPU
		{C8282B65-80B0-4291-B2E0-56DCDED46935}.Debug|Any CPU.Build.0 = Debug|Any CPU
		{C8282B65-80B0-4291-B2E0-56DCDED46935}.Release|Any CPU.ActiveCfg = Release|Any CPU
		{C8282B65-80B0-4291-B2E0-56DCDED46935}.Release|Any CPU.Build.0 = Release|Any CPU
		{DC7B70A9-2B97-4867-B2C4-392303C73DED}.Debug|Any CPU.ActiveCfg = Debug|Any CPU
		{DC7B70A9-2B97-4867-B2C4-392303C73DED}.Debug|Any CPU.Build.0 = Debug|Any CPU
		{DC7B70A9-2B97-4867-B2C4-392303C73DED}.Release|Any CPU.ActiveCfg = Release|Any CPU
		{DC7B70A9-2B97-4867-B2C4-392303C73DED}.Release|Any CPU.Build.0 = Release|Any CPU
		{223179E8-4B30-4573-8C93-AC4AD4B13CF5}.Debug|Any CPU.ActiveCfg = Debug|Any CPU
		{223179E8-4B30-4573-8C93-AC4AD4B13CF5}.Debug|Any CPU.Build.0 = Debug|Any CPU
		{223179E8-4B30-4573-8C93-AC4AD4B13CF5}.Release|Any CPU.ActiveCfg = Release|Any CPU
		{223179E8-4B30-4573-8C93-AC4AD4B13CF5}.Release|Any CPU.Build.0 = Release|Any CPU
	EndGlobalSection
	GlobalSection(SolutionProperties) = preSolution
		HideSolutionNode = FALSE
	EndGlobalSection
EndGlobal
